
Microsoft Visual Studio Solution File, Format Version 12.00
# Visual Studio Version 16
VisualStudioVersion = 16.0.30907.101
MinimumVisualStudioVersion = 10.0.40219.1
Project("{FAE04EC0-301F-11D3-BF4B-00C04F79EFBC}") = "metotlar", "metotlar\metotlar.csproj", "{424C2C6C-DC45-45FA-A4ED-E630054ED7B6}"
EndProject
Project("{FAE04EC0-301F-11D3-BF4B-00C04F79EFBC}") = "Matematik", "Matematik\Matematik.csproj", "{95DDE9AF-D70B-4DD0-AFE6-931089A3110E}"
EndProject
Project("{FAE04EC0-301F-11D3-BF4B-00C04F79EFBC}") = "DegerVeReferansTipler", "DegerVeReferansTipler\DegerVeReferansTipler.csproj", "{FFA41A9C-16B2-40F9-BAB0-376164D4F80E}"
EndProject
Global
	GlobalSection(SolutionConfigurationPlatforms) = preSolution
		Debug|Any CPU = Debug|Any CPU
		Release|Any CPU = Release|Any CPU
	EndGlobalSection
	GlobalSection(ProjectConfigurationPlatforms) = postSolution
		{424C2C6C-DC45-45FA-A4ED-E630054ED7B6}.Debug|Any CPU.ActiveCfg = Debug|Any CPU
		{424C2C6C-DC45-45FA-A4ED-E630054ED7B6}.Debug|Any CPU.Build.0 = Debug|Any CPU
		{424C2C6C-DC45-45FA-A4ED-E630054ED7B6}.Release|Any CPU.ActiveCfg = Release|Any CPU
		{424C2C6C-DC45-45FA-A4ED-E630054ED7B6}.Release|Any CPU.Build.0 = Release|Any CPU
		{95DDE9AF-D70B-4DD0-AFE6-931089A3110E}.Debug|Any CPU.ActiveCfg = Debug|Any CPU
		{95DDE9AF-D70B-4DD0-AFE6-931089A3110E}.Debug|Any CPU.Build.0 = Debug|Any CPU
		{95DDE9AF-D70B-4DD0-AFE6-931089A3110E}.Release|Any CPU.ActiveCfg = Release|Any CPU
		{95DDE9AF-D70B-4DD0-AFE6-931089A3110E}.Release|Any CPU.Build.0 = Release|Any CPU
		{FFA41A9C-16B2-40F9-BAB0-376164D4F80E}.Debug|Any CPU.ActiveCfg = Debug|Any CPU
		{FFA41A9C-16B2-40F9-BAB0-376164D4F80E}.Debug|Any CPU.Build.0 = Debug|Any CPU
		{FFA41A9C-16B2-40F9-BAB0-376164D4F80E}.Release|Any CPU.ActiveCfg = Release|Any CPU
		{FFA41A9C-16B2-40F9-BAB0-376164D4F80E}.Release|Any CPU.Build.0 = Release|Any CPU
	EndGlobalSection
	GlobalSection(SolutionProperties) = preSolution
		HideSolutionNode = FALSE
	EndGlobalSection
	GlobalSection(ExtensibilityGlobals) = postSolution
		SolutionGuid = {71B2780D-0284-4DCC-9D28-F3294F04BFBA}
	EndGlobalSection
EndGlobal
